// !$*UTF8*$!
{
	archiveVersion = 1;
	classes = {
	};
	objectVersion = 46;
	objects = {

/* Begin PBXBuildFile section */
		D631B4F118FF0FC8000FBB68 /* ball.png in Resources */ = {isa = PBXBuildFile; fileRef = D631B4EF18FF0FC8000FBB68 /* ball.png */; };
		D631B4F218FF0FC8000FBB68 /* mouse.png in Resources */ = {isa = PBXBuildFile; fileRef = D631B4F018FF0FC8000FBB68 /* mouse.png */; };
		D631B4F418FF1178000FBB68 /* feather.png in Resources */ = {isa = PBXBuildFile; fileRef = D631B4F318FF1178000FBB68 /* feather.png */; };
		D631B4F618FF151D000FBB68 /* exit.png in Resources */ = {isa = PBXBuildFile; fileRef = D631B4F518FF151D000FBB68 /* exit.png */; };
		D631B4FB18FF1781000FBB68 /* GohuFont-Bold.ttf in Resources */ = {isa = PBXBuildFile; fileRef = D631B4F918FF1781000FBB68 /* GohuFont-Bold.ttf */; };
		D631B4FC18FF1781000FBB68 /* GohuFont-Medium.ttf in Resources */ = {isa = PBXBuildFile; fileRef = D631B4FA18FF1781000FBB68 /* GohuFont-Medium.ttf */; };
		D631B50318FF1CB6000FBB68 /* NormalToy.m in Sources */ = {isa = PBXBuildFile; fileRef = D631B50218FF1CB6000FBB68 /* NormalToy.m */; };
		D64E8A0B18F359C7001C5E6D /* awake.png in Resources */ = {isa = PBXBuildFile; fileRef = D64E89FA18F359C7001C5E6D /* awake.png */; };
		D64E8A0C18F359C7001C5E6D /* groom.atlas in Resources */ = {isa = PBXBuildFile; fileRef = D64E89FB18F359C7001C5E6D /* groom.atlas */; };
		D64E8A0D18F359C7001C5E6D /* NekoMainMenu.png in Resources */ = {isa = PBXBuildFile; fileRef = D64E89FC18F359C7001C5E6D /* NekoMainMenu.png */; };
		D64E8A0F18F359C7001C5E6D /* NekoMainMenu@2x.png in Resources */ = {isa = PBXBuildFile; fileRef = D64E89FE18F359C7001C5E6D /* NekoMainMenu@2x.png */; };
		D64E8A1018F359C7001C5E6D /* sleep.atlas in Resources */ = {isa = PBXBuildFile; fileRef = D64E89FF18F359C7001C5E6D /* sleep.atlas */; };
		D64E8A1118F359C7001C5E6D /* stopDown.atlas in Resources */ = {isa = PBXBuildFile; fileRef = D64E8A0018F359C7001C5E6D /* stopDown.atlas */; };
		D64E8A1218F359C7001C5E6D /* stopLeft.atlas in Resources */ = {isa = PBXBuildFile; fileRef = D64E8A0118F359C7001C5E6D /* stopLeft.atlas */; };
		D64E8A1318F359C7001C5E6D /* stopRight.atlas in Resources */ = {isa = PBXBuildFile; fileRef = D64E8A0218F359C7001C5E6D /* stopRight.atlas */; };
		D64E8A1418F359C7001C5E6D /* stopUp.atlas in Resources */ = {isa = PBXBuildFile; fileRef = D64E8A0318F359C7001C5E6D /* stopUp.atlas */; };
		D64E8A1518F359C7001C5E6D /* walkDown.atlas in Resources */ = {isa = PBXBuildFile; fileRef = D64E8A0418F359C7001C5E6D /* walkDown.atlas */; };
		D64E8A1618F359C7001C5E6D /* walkDownLeft.atlas in Resources */ = {isa = PBXBuildFile; fileRef = D64E8A0518F359C7001C5E6D /* walkDownLeft.atlas */; };
		D64E8A1718F359C7001C5E6D /* walkDownRight.atlas in Resources */ = {isa = PBXBuildFile; fileRef = D64E8A0618F359C7001C5E6D /* walkDownRight.atlas */; };
		D64E8A1818F359C7001C5E6D /* walkLeft.atlas in Resources */ = {isa = PBXBuildFile; fileRef = D64E8A0718F359C7001C5E6D /* walkLeft.atlas */; };
		D64E8A1918F359C7001C5E6D /* walkRight.atlas in Resources */ = {isa = PBXBuildFile; fileRef = D64E8A0818F359C7001C5E6D /* walkRight.atlas */; };
		D64E8A1A18F359C7001C5E6D /* walkUp.atlas in Resources */ = {isa = PBXBuildFile; fileRef = D64E8A0918F359C7001C5E6D /* walkUp.atlas */; };
		D64E8A1B18F359C7001C5E6D /* yawn.atlas in Resources */ = {isa = PBXBuildFile; fileRef = D64E8A0A18F359C7001C5E6D /* yawn.atlas */; };
		D64E8A1E18F4755D001C5E6D /* walkUpLeft.atlas in Resources */ = {isa = PBXBuildFile; fileRef = D64E8A1C18F4755D001C5E6D /* walkUpLeft.atlas */; };
		D64E8A1F18F4755D001C5E6D /* walkUpRight.atlas in Resources */ = {isa = PBXBuildFile; fileRef = D64E8A1D18F4755D001C5E6D /* walkUpRight.atlas */; };
		D690D1AC18F5D4EF00DBA678 /* Sniglet Regular.otf in Resources */ = {isa = PBXBuildFile; fileRef = D690D1AB18F5D4EF00DBA678 /* Sniglet Regular.otf */; };
		D698CE1518E891DF00A663EF /* MainMenu.m in Sources */ = {isa = PBXBuildFile; fileRef = D698CE1418E891DF00A663EF /* MainMenu.m */; };
		D698CE1C18E8991A00A663EF /* Character.m in Sources */ = {isa = PBXBuildFile; fileRef = D698CE1B18E8991A00A663EF /* Character.m */; };
		D6A3564218C538AD0083C8D3 /* Foundation.framework in Frameworks */ = {isa = PBXBuildFile; fileRef = D6A3564118C538AD0083C8D3 /* Foundation.framework */; };
		D6A3564418C538AD0083C8D3 /* CoreGraphics.framework in Frameworks */ = {isa = PBXBuildFile; fileRef = D6A3564318C538AD0083C8D3 /* CoreGraphics.framework */; };
		D6A3564618C538AD0083C8D3 /* UIKit.framework in Frameworks */ = {isa = PBXBuildFile; fileRef = D6A3564518C538AD0083C8D3 /* UIKit.framework */; };
		D6A3564818C538AD0083C8D3 /* SpriteKit.framework in Frameworks */ = {isa = PBXBuildFile; fileRef = D6A3564718C538AD0083C8D3 /* SpriteKit.framework */; };
		D6A3564E18C538AD0083C8D3 /* InfoPlist.strings in Resources */ = {isa = PBXBuildFile; fileRef = D6A3564C18C538AD0083C8D3 /* InfoPlist.strings */; };
		D6A3565018C538AD0083C8D3 /* main.m in Sources */ = {isa = PBXBuildFile; fileRef = D6A3564F18C538AD0083C8D3 /* main.m */; };
		D6A3565418C538AD0083C8D3 /* AppDelegate.m in Sources */ = {isa = PBXBuildFile; fileRef = D6A3565318C538AD0083C8D3 /* AppDelegate.m */; };
		D6A3565718C538AD0083C8D3 /* Main.storyboard in Resources */ = {isa = PBXBuildFile; fileRef = D6A3565518C538AD0083C8D3 /* Main.storyboard */; };
		D6A3565A18C538AD0083C8D3 /* ViewController.m in Sources */ = {isa = PBXBuildFile; fileRef = D6A3565918C538AD0083C8D3 /* ViewController.m */; };
		D6A3565D18C538AD0083C8D3 /* Level.m in Sources */ = {isa = PBXBuildFile; fileRef = D6A3565C18C538AD0083C8D3 /* Level.m */; };
		D6A3566118C538AD0083C8D3 /* Images.xcassets in Resources */ = {isa = PBXBuildFile; fileRef = D6A3566018C538AD0083C8D3 /* Images.xcassets */; };
		D6A3566818C538AD0083C8D3 /* XCTest.framework in Frameworks */ = {isa = PBXBuildFile; fileRef = D6A3566718C538AD0083C8D3 /* XCTest.framework */; };
		D6A3566918C538AD0083C8D3 /* Foundation.framework in Frameworks */ = {isa = PBXBuildFile; fileRef = D6A3564118C538AD0083C8D3 /* Foundation.framework */; };
		D6A3566A18C538AD0083C8D3 /* UIKit.framework in Frameworks */ = {isa = PBXBuildFile; fileRef = D6A3564518C538AD0083C8D3 /* UIKit.framework */; };
		D6A3567218C538AD0083C8D3 /* InfoPlist.strings in Resources */ = {isa = PBXBuildFile; fileRef = D6A3567018C538AD0083C8D3 /* InfoPlist.strings */; };
		D6A3567418C538AD0083C8D3 /* nekoTests.m in Sources */ = {isa = PBXBuildFile; fileRef = D6A3567318C538AD0083C8D3 /* nekoTests.m */; };
		D6F308FE18F4EED400DABC28 /* level1.json in Resources */ = {isa = PBXBuildFile; fileRef = D6F308FD18F4EED400DABC28 /* level1.json */; };
		D6F8F34018F4B421001EC30C /* scratch.atlas in Resources */ = {isa = PBXBuildFile; fileRef = D6F8F33F18F4B421001EC30C /* scratch.atlas */; };
/* End PBXBuildFile section */

/* Begin PBXContainerItemProxy section */
		D6A3566B18C538AD0083C8D3 /* PBXContainerItemProxy */ = {
			isa = PBXContainerItemProxy;
			containerPortal = D6A3563618C538AD0083C8D3 /* Project object */;
			proxyType = 1;
			remoteGlobalIDString = D6A3563D18C538AD0083C8D3;
			remoteInfo = neko;
		};
/* End PBXContainerItemProxy section */

/* Begin PBXFileReference section */
		D631B4EF18FF0FC8000FBB68 /* ball.png */ = {isa = PBXFileReference; lastKnownFileType = image.png; path = ball.png; sourceTree = "<group>"; };
		D631B4F018FF0FC8000FBB68 /* mouse.png */ = {isa = PBXFileReference; lastKnownFileType = image.png; path = mouse.png; sourceTree = "<group>"; };
		D631B4F318FF1178000FBB68 /* feather.png */ = {isa = PBXFileReference; lastKnownFileType = image.png; path = feather.png; sourceTree = "<group>"; };
		D631B4F518FF151D000FBB68 /* exit.png */ = {isa = PBXFileReference; lastKnownFileType = image.png; path = exit.png; sourceTree = "<group>"; };
		D631B4F918FF1781000FBB68 /* GohuFont-Bold.ttf */ = {isa = PBXFileReference; lastKnownFileType = file; path = "GohuFont-Bold.ttf"; sourceTree = "<group>"; };
		D631B4FA18FF1781000FBB68 /* GohuFont-Medium.ttf */ = {isa = PBXFileReference; lastKnownFileType = file; path = "GohuFont-Medium.ttf"; sourceTree = "<group>"; };
		D631B50118FF1CB6000FBB68 /* NormalToy.h */ = {isa = PBXFileReference; fileEncoding = 4; lastKnownFileType = sourcecode.c.h; path = NormalToy.h; sourceTree = "<group>"; };
		D631B50218FF1CB6000FBB68 /* NormalToy.m */ = {isa = PBXFileReference; fileEncoding = 4; lastKnownFileType = sourcecode.c.objc; path = NormalToy.m; sourceTree = "<group>"; };
		D631B50418FF1D2C000FBB68 /* Toy.h */ = {isa = PBXFileReference; lastKnownFileType = sourcecode.c.h; path = Toy.h; sourceTree = "<group>"; };
		D64E89FA18F359C7001C5E6D /* awake.png */ = {isa = PBXFileReference; lastKnownFileType = image.png; path = awake.png; sourceTree = "<group>"; };
		D64E89FB18F359C7001C5E6D /* groom.atlas */ = {isa = PBXFileReference; lastKnownFileType = folder.skatlas; path = groom.atlas; sourceTree = "<group>"; };
		D64E89FC18F359C7001C5E6D /* NekoMainMenu.png */ = {isa = PBXFileReference; lastKnownFileType = image.png; path = NekoMainMenu.png; sourceTree = "<group>"; };
		D64E89FE18F359C7001C5E6D /* NekoMainMenu@2x.png */ = {isa = PBXFileReference; lastKnownFileType = image.png; path = "NekoMainMenu@2x.png"; sourceTree = "<group>"; };
		D64E89FF18F359C7001C5E6D /* sleep.atlas */ = {isa = PBXFileReference; lastKnownFileType = folder.skatlas; path = sleep.atlas; sourceTree = "<group>"; };
		D64E8A0018F359C7001C5E6D /* stopDown.atlas */ = {isa = PBXFileReference; lastKnownFileType = folder.skatlas; path = stopDown.atlas; sourceTree = "<group>"; };
		D64E8A0118F359C7001C5E6D /* stopLeft.atlas */ = {isa = PBXFileReference; lastKnownFileType = folder.skatlas; path = stopLeft.atlas; sourceTree = "<group>"; };
		D64E8A0218F359C7001C5E6D /* stopRight.atlas */ = {isa = PBXFileReference; lastKnownFileType = folder.skatlas; path = stopRight.atlas; sourceTree = "<group>"; };
		D64E8A0318F359C7001C5E6D /* stopUp.atlas */ = {isa = PBXFileReference; lastKnownFileType = folder.skatlas; path = stopUp.atlas; sourceTree = "<group>"; };
		D64E8A0418F359C7001C5E6D /* walkDown.atlas */ = {isa = PBXFileReference; lastKnownFileType = folder.skatlas; path = walkDown.atlas; sourceTree = "<group>"; };
		D64E8A0518F359C7001C5E6D /* walkDownLeft.atlas */ = {isa = PBXFileReference; lastKnownFileType = folder.skatlas; path = walkDownLeft.atlas; sourceTree = "<group>"; };
		D64E8A0618F359C7001C5E6D /* walkDownRight.atlas */ = {isa = PBXFileReference; lastKnownFileType = folder.skatlas; path = walkDownRight.atlas; sourceTree = "<group>"; };
		D64E8A0718F359C7001C5E6D /* walkLeft.atlas */ = {isa = PBXFileReference; lastKnownFileType = folder.skatlas; path = walkLeft.atlas; sourceTree = "<group>"; };
		D64E8A0818F359C7001C5E6D /* walkRight.atlas */ = {isa = PBXFileReference; lastKnownFileType = folder.skatlas; path = walkRight.atlas; sourceTree = "<group>"; };
		D64E8A0918F359C7001C5E6D /* walkUp.atlas */ = {isa = PBXFileReference; lastKnownFileType = folder.skatlas; path = walkUp.atlas; sourceTree = "<group>"; };
		D64E8A0A18F359C7001C5E6D /* yawn.atlas */ = {isa = PBXFileReference; lastKnownFileType = folder.skatlas; path = yawn.atlas; sourceTree = "<group>"; };
		D64E8A1C18F4755D001C5E6D /* walkUpLeft.atlas */ = {isa = PBXFileReference; lastKnownFileType = folder.skatlas; path = walkUpLeft.atlas; sourceTree = "<group>"; };
		D64E8A1D18F4755D001C5E6D /* walkUpRight.atlas */ = {isa = PBXFileReference; lastKnownFileType = folder.skatlas; path = walkUpRight.atlas; sourceTree = "<group>"; };
		D690D1AB18F5D4EF00DBA678 /* Sniglet Regular.otf */ = {isa = PBXFileReference; lastKnownFileType = file; path = "Sniglet Regular.otf"; sourceTree = "<group>"; };
		D698CE1318E891DF00A663EF /* MainMenu.h */ = {isa = PBXFileReference; fileEncoding = 4; lastKnownFileType = sourcecode.c.h; path = MainMenu.h; sourceTree = "<group>"; };
		D698CE1418E891DF00A663EF /* MainMenu.m */ = {isa = PBXFileReference; fileEncoding = 4; lastKnownFileType = sourcecode.c.objc; path = MainMenu.m; sourceTree = "<group>"; };
		D698CE1A18E8991A00A663EF /* Character.h */ = {isa = PBXFileReference; fileEncoding = 4; lastKnownFileType = sourcecode.c.h; path = Character.h; sourceTree = "<group>"; };
		D698CE1B18E8991A00A663EF /* Character.m */ = {isa = PBXFileReference; fileEncoding = 4; lastKnownFileType = sourcecode.c.objc; path = Character.m; sourceTree = "<group>"; };
		D6A3563E18C538AD0083C8D3 /* neko.app */ = {isa = PBXFileReference; explicitFileType = wrapper.application; includeInIndex = 0; path = neko.app; sourceTree = BUILT_PRODUCTS_DIR; };
		D6A3564118C538AD0083C8D3 /* Foundation.framework */ = {isa = PBXFileReference; lastKnownFileType = wrapper.framework; name = Foundation.framework; path = System/Library/Frameworks/Foundation.framework; sourceTree = SDKROOT; };
		D6A3564318C538AD0083C8D3 /* CoreGraphics.framework */ = {isa = PBXFileReference; lastKnownFileType = wrapper.framework; name = CoreGraphics.framework; path = System/Library/Frameworks/CoreGraphics.framework; sourceTree = SDKROOT; };
		D6A3564518C538AD0083C8D3 /* UIKit.framework */ = {isa = PBXFileReference; lastKnownFileType = wrapper.framework; name = UIKit.framework; path = System/Library/Frameworks/UIKit.framework; sourceTree = SDKROOT; };
		D6A3564718C538AD0083C8D3 /* SpriteKit.framework */ = {isa = PBXFileReference; lastKnownFileType = wrapper.framework; name = SpriteKit.framework; path = System/Library/Frameworks/SpriteKit.framework; sourceTree = SDKROOT; };
		D6A3564B18C538AD0083C8D3 /* neko-Info.plist */ = {isa = PBXFileReference; lastKnownFileType = text.plist.xml; path = "neko-Info.plist"; sourceTree = "<group>"; };
		D6A3564D18C538AD0083C8D3 /* en */ = {isa = PBXFileReference; lastKnownFileType = text.plist.strings; name = en; path = en.lproj/InfoPlist.strings; sourceTree = "<group>"; };
		D6A3564F18C538AD0083C8D3 /* main.m */ = {isa = PBXFileReference; lastKnownFileType = sourcecode.c.objc; path = main.m; sourceTree = "<group>"; };
		D6A3565118C538AD0083C8D3 /* neko-Prefix.pch */ = {isa = PBXFileReference; lastKnownFileType = sourcecode.c.h; path = "neko-Prefix.pch"; sourceTree = "<group>"; };
		D6A3565218C538AD0083C8D3 /* AppDelegate.h */ = {isa = PBXFileReference; lastKnownFileType = sourcecode.c.h; path = AppDelegate.h; sourceTree = "<group>"; };
		D6A3565318C538AD0083C8D3 /* AppDelegate.m */ = {isa = PBXFileReference; lastKnownFileType = sourcecode.c.objc; path = AppDelegate.m; sourceTree = "<group>"; };
		D6A3565618C538AD0083C8D3 /* Base */ = {isa = PBXFileReference; lastKnownFileType = file.storyboard; name = Base; path = Base.lproj/Main.storyboard; sourceTree = "<group>"; };
		D6A3565818C538AD0083C8D3 /* ViewController.h */ = {isa = PBXFileReference; lastKnownFileType = sourcecode.c.h; path = ViewController.h; sourceTree = "<group>"; };
		D6A3565918C538AD0083C8D3 /* ViewController.m */ = {isa = PBXFileReference; lastKnownFileType = sourcecode.c.objc; path = ViewController.m; sourceTree = "<group>"; };
		D6A3565B18C538AD0083C8D3 /* Level.h */ = {isa = PBXFileReference; lastKnownFileType = sourcecode.c.h; path = Level.h; sourceTree = "<group>"; };
		D6A3565C18C538AD0083C8D3 /* Level.m */ = {isa = PBXFileReference; lastKnownFileType = sourcecode.c.objc; path = Level.m; sourceTree = "<group>"; };
		D6A3566018C538AD0083C8D3 /* Images.xcassets */ = {isa = PBXFileReference; lastKnownFileType = folder.assetcatalog; path = Images.xcassets; sourceTree = "<group>"; };
		D6A3566618C538AD0083C8D3 /* nekoTests.xctest */ = {isa = PBXFileReference; explicitFileType = wrapper.cfbundle; includeInIndex = 0; path = nekoTests.xctest; sourceTree = BUILT_PRODUCTS_DIR; };
		D6A3566718C538AD0083C8D3 /* XCTest.framework */ = {isa = PBXFileReference; lastKnownFileType = wrapper.framework; name = XCTest.framework; path = Library/Frameworks/XCTest.framework; sourceTree = DEVELOPER_DIR; };
		D6A3566F18C538AD0083C8D3 /* nekoTests-Info.plist */ = {isa = PBXFileReference; lastKnownFileType = text.plist.xml; path = "nekoTests-Info.plist"; sourceTree = "<group>"; };
		D6A3567118C538AD0083C8D3 /* en */ = {isa = PBXFileReference; lastKnownFileType = text.plist.strings; name = en; path = en.lproj/InfoPlist.strings; sourceTree = "<group>"; };
		D6A3567318C538AD0083C8D3 /* nekoTests.m */ = {isa = PBXFileReference; lastKnownFileType = sourcecode.c.objc; path = nekoTests.m; sourceTree = "<group>"; };
		D6F308FD18F4EED400DABC28 /* level1.json */ = {isa = PBXFileReference; fileEncoding = 4; lastKnownFileType = text.json; path = level1.json; sourceTree = "<group>"; };
		D6F8F33F18F4B421001EC30C /* scratch.atlas */ = {isa = PBXFileReference; lastKnownFileType = folder.skatlas; path = scratch.atlas; sourceTree = "<group>"; };
/* End PBXFileReference section */

/* Begin PBXFrameworksBuildPhase section */
		D6A3563B18C538AD0083C8D3 /* Frameworks */ = {
			isa = PBXFrameworksBuildPhase;
			buildActionMask = 2147483647;
			files = (
				D6A3564418C538AD0083C8D3 /* CoreGraphics.framework in Frameworks */,
				D6A3564618C538AD0083C8D3 /* UIKit.framework in Frameworks */,
				D6A3564818C538AD0083C8D3 /* SpriteKit.framework in Frameworks */,
				D6A3564218C538AD0083C8D3 /* Foundation.framework in Frameworks */,
			);
			runOnlyForDeploymentPostprocessing = 0;
		};
		D6A3566318C538AD0083C8D3 /* Frameworks */ = {
			isa = PBXFrameworksBuildPhase;
			buildActionMask = 2147483647;
			files = (
				D6A3566818C538AD0083C8D3 /* XCTest.framework in Frameworks */,
				D6A3566A18C538AD0083C8D3 /* UIKit.framework in Frameworks */,
				D6A3566918C538AD0083C8D3 /* Foundation.framework in Frameworks */,
			);
			runOnlyForDeploymentPostprocessing = 0;
		};
/* End PBXFrameworksBuildPhase section */

/* Begin PBXGroup section */
		D631B50018FF1C73000FBB68 /* toys */ = {
			isa = PBXGroup;
			children = (
				D631B50118FF1CB6000FBB68 /* NormalToy.h */,
				D631B50218FF1CB6000FBB68 /* NormalToy.m */,
			);
			name = toys;
			sourceTree = "<group>";
		};
		D64E89F918F359C7001C5E6D /* images */ = {
			isa = PBXGroup;
			children = (
				D631B4F518FF151D000FBB68 /* exit.png */,
				D631B4F318FF1178000FBB68 /* feather.png */,
				D631B4EF18FF0FC8000FBB68 /* ball.png */,
				D631B4F018FF0FC8000FBB68 /* mouse.png */,
				D6F8F33F18F4B421001EC30C /* scratch.atlas */,
				D64E89FA18F359C7001C5E6D /* awake.png */,
				D64E89FB18F359C7001C5E6D /* groom.atlas */,
				D64E89FC18F359C7001C5E6D /* NekoMainMenu.png */,
				D64E89FE18F359C7001C5E6D /* NekoMainMenu@2x.png */,
				D64E89FF18F359C7001C5E6D /* sleep.atlas */,
				D64E8A0018F359C7001C5E6D /* stopDown.atlas */,
				D64E8A0118F359C7001C5E6D /* stopLeft.atlas */,
				D64E8A0218F359C7001C5E6D /* stopRight.atlas */,
				D64E8A0318F359C7001C5E6D /* stopUp.atlas */,
				D64E8A0418F359C7001C5E6D /* walkDown.atlas */,
				D64E8A0518F359C7001C5E6D /* walkDownLeft.atlas */,
				D64E8A0618F359C7001C5E6D /* walkDownRight.atlas */,
				D64E8A0718F359C7001C5E6D /* walkLeft.atlas */,
				D64E8A0818F359C7001C5E6D /* walkRight.atlas */,
				D64E8A0918F359C7001C5E6D /* walkUp.atlas */,
				D64E8A1C18F4755D001C5E6D /* walkUpLeft.atlas */,
				D64E8A1D18F4755D001C5E6D /* walkUpRight.atlas */,
				D64E8A0A18F359C7001C5E6D /* yawn.atlas */,
			);
			path = images;
			sourceTree = "<group>";
		};
		D6A3563518C538AD0083C8D3 = {
			isa = PBXGroup;
			children = (
				D6A3564918C538AD0083C8D3 /* neko */,
				D6A3566D18C538AD0083C8D3 /* nekoTests */,
				D6A3564018C538AD0083C8D3 /* Frameworks */,
				D6A3563F18C538AD0083C8D3 /* Products */,
			);
			sourceTree = "<group>";
		};
		D6A3563F18C538AD0083C8D3 /* Products */ = {
			isa = PBXGroup;
			children = (
				D6A3563E18C538AD0083C8D3 /* neko.app */,
				D6A3566618C538AD0083C8D3 /* nekoTests.xctest */,
			);
			name = Products;
			sourceTree = "<group>";
		};
		D6A3564018C538AD0083C8D3 /* Frameworks */ = {
			isa = PBXGroup;
			children = (
				D6A3564118C538AD0083C8D3 /* Foundation.framework */,
				D6A3564318C538AD0083C8D3 /* CoreGraphics.framework */,
				D6A3564518C538AD0083C8D3 /* UIKit.framework */,
				D6A3564718C538AD0083C8D3 /* SpriteKit.framework */,
				D6A3566718C538AD0083C8D3 /* XCTest.framework */,
			);
			name = Frameworks;
			sourceTree = "<group>";
		};
		D6A3564918C538AD0083C8D3 /* neko */ = {
			isa = PBXGroup;
			children = (
				D631B4F918FF1781000FBB68 /* GohuFont-Bold.ttf */,
				D631B4FA18FF1781000FBB68 /* GohuFont-Medium.ttf */,
				D690D1AB18F5D4EF00DBA678 /* Sniglet Regular.otf */,
				D6F308FC18F4EED400DABC28 /* levels */,
				D64E89F918F359C7001C5E6D /* images */,
				D6A3565218C538AD0083C8D3 /* AppDelegate.h */,
				D6A3565318C538AD0083C8D3 /* AppDelegate.m */,
				D6A3565518C538AD0083C8D3 /* Main.storyboard */,
				D6A3565818C538AD0083C8D3 /* ViewController.h */,
				D6A3565918C538AD0083C8D3 /* ViewController.m */,
				D6A3565B18C538AD0083C8D3 /* Level.h */,
				D6A3565C18C538AD0083C8D3 /* Level.m */,
				D698CE1A18E8991A00A663EF /* Character.h */,
				D698CE1B18E8991A00A663EF /* Character.m */,
				D631B50418FF1D2C000FBB68 /* Toy.h */,
				D631B50018FF1C73000FBB68 /* toys */,
				D698CE1318E891DF00A663EF /* MainMenu.h */,
				D698CE1418E891DF00A663EF /* MainMenu.m */,
				D6A3566018C538AD0083C8D3 /* Images.xcassets */,
				D6A3564A18C538AD0083C8D3 /* Supporting Files */,
			);
			path = neko;
			sourceTree = "<group>";
		};
		D6A3564A18C538AD0083C8D3 /* Supporting Files */ = {
			isa = PBXGroup;
			children = (
				D6A3564B18C538AD0083C8D3 /* neko-Info.plist */,
				D6A3564C18C538AD0083C8D3 /* InfoPlist.strings */,
				D6A3564F18C538AD0083C8D3 /* main.m */,
				D6A3565118C538AD0083C8D3 /* neko-Prefix.pch */,
			);
			name = "Supporting Files";
			sourceTree = "<group>";
		};
		D6A3566D18C538AD0083C8D3 /* nekoTests */ = {
			isa = PBXGroup;
			children = (
				D6A3567318C538AD0083C8D3 /* nekoTests.m */,
				D6A3566E18C538AD0083C8D3 /* Supporting Files */,
			);
			path = nekoTests;
			sourceTree = "<group>";
		};
		D6A3566E18C538AD0083C8D3 /* Supporting Files */ = {
			isa = PBXGroup;
			children = (
				D6A3566F18C538AD0083C8D3 /* nekoTests-Info.plist */,
				D6A3567018C538AD0083C8D3 /* InfoPlist.strings */,
			);
			name = "Supporting Files";
			sourceTree = "<group>";
		};
		D6F308FC18F4EED400DABC28 /* levels */ = {
			isa = PBXGroup;
			children = (
				D6F308FD18F4EED400DABC28 /* level1.json */,
			);
			path = levels;
			sourceTree = "<group>";
		};
/* End PBXGroup section */

/* Begin PBXNativeTarget section */
		D6A3563D18C538AD0083C8D3 /* neko */ = {
			isa = PBXNativeTarget;
			buildConfigurationList = D6A3567718C538AD0083C8D3 /* Build configuration list for PBXNativeTarget "neko" */;
			buildPhases = (
				D6A3563A18C538AD0083C8D3 /* Sources */,
				D6A3563B18C538AD0083C8D3 /* Frameworks */,
				D6A3563C18C538AD0083C8D3 /* Resources */,
			);
			buildRules = (
			);
			dependencies = (
			);
			name = neko;
			productName = neko;
			productReference = D6A3563E18C538AD0083C8D3 /* neko.app */;
			productType = "com.apple.product-type.application";
		};
		D6A3566518C538AD0083C8D3 /* nekoTests */ = {
			isa = PBXNativeTarget;
			buildConfigurationList = D6A3567A18C538AD0083C8D3 /* Build configuration list for PBXNativeTarget "nekoTests" */;
			buildPhases = (
				D6A3566218C538AD0083C8D3 /* Sources */,
				D6A3566318C538AD0083C8D3 /* Frameworks */,
				D6A3566418C538AD0083C8D3 /* Resources */,
			);
			buildRules = (
			);
			dependencies = (
				D6A3566C18C538AD0083C8D3 /* PBXTargetDependency */,
			);
			name = nekoTests;
			productName = nekoTests;
			productReference = D6A3566618C538AD0083C8D3 /* nekoTests.xctest */;
			productType = "com.apple.product-type.bundle.unit-test";
		};
/* End PBXNativeTarget section */

/* Begin PBXProject section */
		D6A3563618C538AD0083C8D3 /* Project object */ = {
			isa = PBXProject;
			attributes = {
				CLASSPREFIX = "";
				LastUpgradeCheck = 0510;
				ORGANIZATIONNAME = "Ethan Miller";
				TargetAttributes = {
					D6A3566518C538AD0083C8D3 = {
						TestTargetID = D6A3563D18C538AD0083C8D3;
					};
				};
			};
			buildConfigurationList = D6A3563918C538AD0083C8D3 /* Build configuration list for PBXProject "neko" */;
			compatibilityVersion = "Xcode 3.2";
			developmentRegion = English;
			hasScannedForEncodings = 0;
			knownRegions = (
				en,
				Base,
			);
			mainGroup = D6A3563518C538AD0083C8D3;
			productRefGroup = D6A3563F18C538AD0083C8D3 /* Products */;
			projectDirPath = "";
			projectRoot = "";
			targets = (
				D6A3563D18C538AD0083C8D3 /* neko */,
				D6A3566518C538AD0083C8D3 /* nekoTests */,
			);
		};
/* End PBXProject section */

/* Begin PBXResourcesBuildPhase section */
		D6A3563C18C538AD0083C8D3 /* Resources */ = {
			isa = PBXResourcesBuildPhase;
			buildActionMask = 2147483647;
			files = (
				D64E8A1418F359C7001C5E6D /* stopUp.atlas in Resources */,
				D631B4F118FF0FC8000FBB68 /* ball.png in Resources */,
				D6A3564E18C538AD0083C8D3 /* InfoPlist.strings in Resources */,
				D690D1AC18F5D4EF00DBA678 /* Sniglet Regular.otf in Resources */,
				D64E8A0B18F359C7001C5E6D /* awake.png in Resources */,
				D631B4FB18FF1781000FBB68 /* GohuFont-Bold.ttf in Resources */,
				D631B4F618FF151D000FBB68 /* exit.png in Resources */,
				D64E8A1318F359C7001C5E6D /* stopRight.atlas in Resources */,
				D64E8A1F18F4755D001C5E6D /* walkUpRight.atlas in Resources */,
				D6F8F34018F4B421001EC30C /* scratch.atlas in Resources */,
				D64E8A1A18F359C7001C5E6D /* walkUp.atlas in Resources */,
				D64E8A0C18F359C7001C5E6D /* groom.atlas in Resources */,
				D6A3566118C538AD0083C8D3 /* Images.xcassets in Resources */,
				D64E8A1618F359C7001C5E6D /* walkDownLeft.atlas in Resources */,
				D64E8A1518F359C7001C5E6D /* walkDown.atlas in Resources */,
				D64E8A1E18F4755D001C5E6D /* walkUpLeft.atlas in Resources */,
				D64E8A0D18F359C7001C5E6D /* NekoMainMenu.png in Resources */,
				D64E8A1118F359C7001C5E6D /* stopDown.atlas in Resources */,
				D64E8A1218F359C7001C5E6D /* stopLeft.atlas in Resources */,
				D631B4F218FF0FC8000FBB68 /* mouse.png in Resources */,
				D64E8A1B18F359C7001C5E6D /* yawn.atlas in Resources */,
				D64E8A1718F359C7001C5E6D /* walkDownRight.atlas in Resources */,
				D64E8A1018F359C7001C5E6D /* sleep.atlas in Resources */,
				D6A3565718C538AD0083C8D3 /* Main.storyboard in Resources */,
				D6F308FE18F4EED400DABC28 /* level1.json in Resources */,
				D64E8A1818F359C7001C5E6D /* walkLeft.atlas in Resources */,
				D64E8A1918F359C7001C5E6D /* walkRight.atlas in Resources */,
				D631B4FC18FF1781000FBB68 /* GohuFont-Medium.ttf in Resources */,
				D64E8A0F18F359C7001C5E6D /* NekoMainMenu@2x.png in Resources */,
				D631B4F418FF1178000FBB68 /* feather.png in Resources */,
			);
			runOnlyForDeploymentPostprocessing = 0;
		};
		D6A3566418C538AD0083C8D3 /* Resources */ = {
			isa = PBXResourcesBuildPhase;
			buildActionMask = 2147483647;
			files = (
				D6A3567218C538AD0083C8D3 /* InfoPlist.strings in Resources */,
			);
			runOnlyForDeploymentPostprocessing = 0;
		};
/* End PBXResourcesBuildPhase section */

/* Begin PBXSourcesBuildPhase section */
		D6A3563A18C538AD0083C8D3 /* Sources */ = {
			isa = PBXSourcesBuildPhase;
			buildActionMask = 2147483647;
			files = (
				D698CE1518E891DF00A663EF /* MainMenu.m in Sources */,
				D6A3565D18C538AD0083C8D3 /* Level.m in Sources */,
				D6A3565A18C538AD0083C8D3 /* ViewController.m in Sources */,
				D631B50318FF1CB6000FBB68 /* NormalToy.m in Sources */,
				D6A3565418C538AD0083C8D3 /* AppDelegate.m in Sources */,
				D6A3565018C538AD0083C8D3 /* main.m in Sources */,
				D698CE1C18E8991A00A663EF /* Character.m in Sources */,
			);
			runOnlyForDeploymentPostprocessing = 0;
		};
		D6A3566218C538AD0083C8D3 /* Sources */ = {
			isa = PBXSourcesBuildPhase;
			buildActionMask = 2147483647;
			files = (
				D6A3567418C538AD0083C8D3 /* nekoTests.m in Sources */,
			);
			runOnlyForDeploymentPostprocessing = 0;
		};
/* End PBXSourcesBuildPhase section */

/* Begin PBXTargetDependency section */
		D6A3566C18C538AD0083C8D3 /* PBXTargetDependency */ = {
			isa = PBXTargetDependency;
			target = D6A3563D18C538AD0083C8D3 /* neko */;
			targetProxy = D6A3566B18C538AD0083C8D3 /* PBXContainerItemProxy */;
		};
/* End PBXTargetDependency section */

/* Begin PBXVariantGroup section */
		D6A3564C18C538AD0083C8D3 /* InfoPlist.strings */ = {
			isa = PBXVariantGroup;
			children = (
				D6A3564D18C538AD0083C8D3 /* en */,
			);
			name = InfoPlist.strings;
			sourceTree = "<group>";
		};
		D6A3565518C538AD0083C8D3 /* Main.storyboard */ = {
			isa = PBXVariantGroup;
			children = (
				D6A3565618C538AD0083C8D3 /* Base */,
			);
			name = Main.storyboard;
			sourceTree = "<group>";
		};
		D6A3567018C538AD0083C8D3 /* InfoPlist.strings */ = {
			isa = PBXVariantGroup;
			children = (
				D6A3567118C538AD0083C8D3 /* en */,
			);
			name = InfoPlist.strings;
			sourceTree = "<group>";
		};
/* End PBXVariantGroup section */

/* Begin XCBuildConfiguration section */
		D6A3567518C538AD0083C8D3 /* Debug */ = {
			isa = XCBuildConfiguration;
			buildSettings = {
				ALWAYS_SEARCH_USER_PATHS = NO;
				CLANG_CXX_LANGUAGE_STANDARD = "gnu++0x";
				CLANG_CXX_LIBRARY = "libc++";
				CLANG_ENABLE_MODULES = YES;
				CLANG_ENABLE_OBJC_ARC = YES;
				CLANG_WARN_BOOL_CONVERSION = YES;
				CLANG_WARN_CONSTANT_CONVERSION = YES;
				CLANG_WARN_DIRECT_OBJC_ISA_USAGE = YES_ERROR;
				CLANG_WARN_EMPTY_BODY = YES;
				CLANG_WARN_ENUM_CONVERSION = YES;
				CLANG_WARN_INT_CONVERSION = YES;
				CLANG_WARN_OBJC_ROOT_CLASS = YES_ERROR;
				CLANG_WARN__DUPLICATE_METHOD_MATCH = YES;
				"CODE_SIGN_IDENTITY[sdk=iphoneos*]" = "iPhone Developer";
				COPY_PHASE_STRIP = NO;
				GCC_C_LANGUAGE_STANDARD = gnu99;
				GCC_DYNAMIC_NO_PIC = NO;
				GCC_OPTIMIZATION_LEVEL = 0;
				GCC_PREPROCESSOR_DEFINITIONS = (
					"DEBUG=1",
					"$(inherited)",
				);
				GCC_SYMBOLS_PRIVATE_EXTERN = NO;
				GCC_WARN_64_TO_32_BIT_CONVERSION = YES;
				GCC_WARN_ABOUT_RETURN_TYPE = YES_ERROR;
				GCC_WARN_UNDECLARED_SELECTOR = YES;
				GCC_WARN_UNINITIALIZED_AUTOS = YES;
				GCC_WARN_UNUSED_FUNCTION = YES;
				GCC_WARN_UNUSED_VARIABLE = YES;
				IPHONEOS_DEPLOYMENT_TARGET = 7.0;
				ONLY_ACTIVE_ARCH = YES;
				SDKROOT = iphoneos;
				TARGETED_DEVICE_FAMILY = 2;
			};
			name = Debug;
		};
		D6A3567618C538AD0083C8D3 /* Release */ = {
			isa = XCBuildConfiguration;
			buildSettings = {
				ALWAYS_SEARCH_USER_PATHS = NO;
				CLANG_CXX_LANGUAGE_STANDARD = "gnu++0x";
				CLANG_CXX_LIBRARY = "libc++";
				CLANG_ENABLE_MODULES = YES;
				CLANG_ENABLE_OBJC_ARC = YES;
				CLANG_WARN_BOOL_CONVERSION = YES;
				CLANG_WARN_CONSTANT_CONVERSION = YES;
				CLANG_WARN_DIRECT_OBJC_ISA_USAGE = YES_ERROR;
				CLANG_WARN_EMPTY_BODY = YES;
				CLANG_WARN_ENUM_CONVERSION = YES;
				CLANG_WARN_INT_CONVERSION = YES;
				CLANG_WARN_OBJC_ROOT_CLASS = YES_ERROR;
				CLANG_WARN__DUPLICATE_METHOD_MATCH = YES;
				"CODE_SIGN_IDENTITY[sdk=iphoneos*]" = "iPhone Developer";
				COPY_PHASE_STRIP = YES;
				ENABLE_NS_ASSERTIONS = NO;
				GCC_C_LANGUAGE_STANDARD = gnu99;
				GCC_WARN_64_TO_32_BIT_CONVERSION = YES;
				GCC_WARN_ABOUT_RETURN_TYPE = YES_ERROR;
				GCC_WARN_UNDECLARED_SELECTOR = YES;
				GCC_WARN_UNINITIALIZED_AUTOS = YES;
				GCC_WARN_UNUSED_FUNCTION = YES;
				GCC_WARN_UNUSED_VARIABLE = YES;
				IPHONEOS_DEPLOYMENT_TARGET = 7.0;
				SDKROOT = iphoneos;
				TARGETED_DEVICE_FAMILY = 2;
				VALIDATE_PRODUCT = YES;
			};
			name = Release;
		};
		D6A3567818C538AD0083C8D3 /* Debug */ = {
			isa = XCBuildConfiguration;
			buildSettings = {
				ASSETCATALOG_COMPILER_APPICON_NAME = AppIcon;
				ASSETCATALOG_COMPILER_LAUNCHIMAGE_NAME = LaunchImage;
				GCC_PRECOMPILE_PREFIX_HEADER = YES;
				GCC_PREFIX_HEADER = "neko/neko-Prefix.pch";
				INFOPLIST_FILE = "neko/neko-Info.plist";
				PRODUCT_NAME = "$(TARGET_NAME)";
				SPRITEKIT_TEXTURE_ATLAS_OUTPUT = YES;
				WRAPPER_EXTENSION = app;
			};
			name = Debug;
		};
		D6A3567918C538AD0083C8D3 /* Release */ = {
			isa = XCBuildConfiguration;
			buildSettings = {
				ASSETCATALOG_COMPILER_APPICON_NAME = AppIcon;
				ASSETCATALOG_COMPILER_LAUNCHIMAGE_NAME = LaunchImage;
				GCC_PRECOMPILE_PREFIX_HEADER = YES;
				GCC_PREFIX_HEADER = "neko/neko-Prefix.pch";
				INFOPLIST_FILE = "neko/neko-Info.plist";
				PRODUCT_NAME = "$(TARGET_NAME)";
				SPRITEKIT_TEXTURE_ATLAS_OUTPUT = YES;
				WRAPPER_EXTENSION = app;
			};
			name = Release;
		};
		D6A3567B18C538AD0083C8D3 /* Debug */ = {
			isa = XCBuildConfiguration;
			buildSettings = {
				BUNDLE_LOADER = "$(BUILT_PRODUCTS_DIR)/neko.app/neko";
				FRAMEWORK_SEARCH_PATHS = (
					"$(SDKROOT)/Developer/Library/Frameworks",
					"$(inherited)",
					"$(DEVELOPER_FRAMEWORKS_DIR)",
				);
				GCC_PRECOMPILE_PREFIX_HEADER = YES;
				GCC_PREFIX_HEADER = "neko/neko-Prefix.pch";
				GCC_PREPROCESSOR_DEFINITIONS = (
					"DEBUG=1",
					"$(inherited)",
				);
				INFOPLIST_FILE = "nekoTests/nekoTests-Info.plist";
				PRODUCT_NAME = "$(TARGET_NAME)";
				TEST_HOST = "$(BUNDLE_LOADER)";
				WRAPPER_EXTENSION = xctest;
			};
			name = Debug;
		};
		D6A3567C18C538AD0083C8D3 /* Release */ = {
			isa = XCBuildConfiguration;
			buildSettings = {
				BUNDLE_LOADER = "$(BUILT_PRODUCTS_DIR)/neko.app/neko";
				FRAMEWORK_SEARCH_PATHS = (
					"$(SDKROOT)/Developer/Library/Frameworks",
					"$(inherited)",
					"$(DEVELOPER_FRAMEWORKS_DIR)",
				);
				GCC_PRECOMPILE_PREFIX_HEADER = YES;
				GCC_PREFIX_HEADER = "neko/neko-Prefix.pch";
				INFOPLIST_FILE = "nekoTests/nekoTests-Info.plist";
				PRODUCT_NAME = "$(TARGET_NAME)";
				TEST_HOST = "$(BUNDLE_LOADER)";
				WRAPPER_EXTENSION = xctest;
			};
			name = Release;
		};
/* End XCBuildConfiguration section */

/* Begin XCConfigurationList section */
		D6A3563918C538AD0083C8D3 /* Build configuration list for PBXProject "neko" */ = {
			isa = XCConfigurationList;
			buildConfigurations = (
				D6A3567518C538AD0083C8D3 /* Debug */,
				D6A3567618C538AD0083C8D3 /* Release */,
			);
			defaultConfigurationIsVisible = 0;
			defaultConfigurationName = Release;
		};
		D6A3567718C538AD0083C8D3 /* Build configuration list for PBXNativeTarget "neko" */ = {
			isa = XCConfigurationList;
			buildConfigurations = (
				D6A3567818C538AD0083C8D3 /* Debug */,
				D6A3567918C538AD0083C8D3 /* Release */,
			);
			defaultConfigurationIsVisible = 0;
			defaultConfigurationName = Release;
		};
		D6A3567A18C538AD0083C8D3 /* Build configuration list for PBXNativeTarget "nekoTests" */ = {
			isa = XCConfigurationList;
			buildConfigurations = (
				D6A3567B18C538AD0083C8D3 /* Debug */,
				D6A3567C18C538AD0083C8D3 /* Release */,
			);
			defaultConfigurationIsVisible = 0;
			defaultConfigurationName = Release;
		};
/* End XCConfigurationList section */
	};
	rootObject = D6A3563618C538AD0083C8D3 /* Project object */;
}
